
Microsoft Visual Studio Solution File, Format Version 12.00
# Visual Studio Version 17
VisualStudioVersion = 17.9.34902.65
MinimumVisualStudioVersion = 10.0.40219.1
Project("{FAE04EC0-301F-11D3-BF4B-00C04F79EFBC}") = "Car-Exercise-V1", "Car-Exercise-V1\Car-Exercise-V1.csproj", "{96E4DE01-70E5-4D30-BBC1-F3E7294A025B}"
EndProject
Global
	GlobalSection(SolutionConfigurationPlatforms) = preSolution
		Debug|Any CPU = Debug|Any CPU
		Release|Any CPU = Release|Any CPU
	EndGlobalSection
	GlobalSection(ProjectConfigurationPlatforms) = postSolution
		{96E4DE01-70E5-4D30-BBC1-F3E7294A025B}.Debug|Any CPU.ActiveCfg = Debug|Any CPU
		{96E4DE01-70E5-4D30-BBC1-F3E7294A025B}.Debug|Any CPU.Build.0 = Debug|Any CPU
		{96E4DE01-70E5-4D30-BBC1-F3E7294A025B}.Release|Any CPU.ActiveCfg = Release|Any CPU
		{96E4DE01-70E5-4D30-BBC1-F3E7294A025B}.Release|Any CPU.Build.0 = Release|Any CPU
	EndGlobalSection
	GlobalSection(SolutionProperties) = preSolution
		HideSolutionNode = FALSE
	EndGlobalSection
	GlobalSection(ExtensibilityGlobals) = postSolution
		SolutionGuid = {5085D72A-2F02-418E-8D73-9DB71FCF6CC5}
	EndGlobalSection
EndGlobal
